// !$*UTF8*$!
{
	archiveVersion = 1;
	classes = {
	};
	objectVersion = 46;
	objects = {

/* Begin PBXBuildFile section */
		33ED03231DC491B900BCEC4A /* AppDelegate.swift in Sources */ = {isa = PBXBuildFile; fileRef = 33ED03221DC491B900BCEC4A /* AppDelegate.swift */; };
		33ED03251DC491B900BCEC4A /* ViewController.swift in Sources */ = {isa = PBXBuildFile; fileRef = 33ED03241DC491B900BCEC4A /* ViewController.swift */; };
		33ED03281DC491B900BCEC4A /* Main.storyboard in Resources */ = {isa = PBXBuildFile; fileRef = 33ED03261DC491B900BCEC4A /* Main.storyboard */; };
		33ED032A1DC491B900BCEC4A /* Assets.xcassets in Resources */ = {isa = PBXBuildFile; fileRef = 33ED03291DC491B900BCEC4A /* Assets.xcassets */; };
		33ED032D1DC491B900BCEC4A /* LaunchScreen.storyboard in Resources */ = {isa = PBXBuildFile; fileRef = 33ED032B1DC491B900BCEC4A /* LaunchScreen.storyboard */; };
		33ED03381DC491B900BCEC4A /* HelloWorldTests.swift in Sources */ = {isa = PBXBuildFile; fileRef = 33ED03371DC491B900BCEC4A /* HelloWorldTests.swift */; };
		33ED03431DC491B900BCEC4A /* HelloWorldUITests.swift in Sources */ = {isa = PBXBuildFile; fileRef = 33ED03421DC491B900BCEC4A /* HelloWorldUITests.swift */; };
/* End PBXBuildFile section */

/* Begin PBXContainerItemProxy section */
		33ED03341DC491B900BCEC4A /* PBXContainerItemProxy */ = {
			isa = PBXContainerItemProxy;
			containerPortal = 33ED03171DC491B900BCEC4A /* Project object */;
			proxyType = 1;
			remoteGlobalIDString = 33ED031E1DC491B900BCEC4A;
			remoteInfo = HelloWorld;
		};
		33ED033F1DC491B900BCEC4A /* PBXContainerItemProxy */ = {
			isa = PBXContainerItemProxy;
			containerPortal = 33ED03171DC491B900BCEC4A /* Project object */;
			proxyType = 1;
			remoteGlobalIDString = 33ED031E1DC491B900BCEC4A;
			remoteInfo = HelloWorld;
		};
/* End PBXContainerItemProxy section */

/* Begin PBXFileReference section */
		33ED031F1DC491B900BCEC4A /* HelloWorld.app */ = {isa = PBXFileReference; explicitFileType = wrapper.application; includeInIndex = 0; path = HelloWorld.app; sourceTree = BUILT_PRODUCTS_DIR; };
		33ED03221DC491B900BCEC4A /* AppDelegate.swift */ = {isa = PBXFileReference; lastKnownFileType = sourcecode.swift; path = AppDelegate.swift; sourceTree = "<group>"; };
		33ED03241DC491B900BCEC4A /* ViewController.swift */ = {isa = PBXFileReference; lastKnownFileType = sourcecode.swift; path = ViewController.swift; sourceTree = "<group>"; };
		33ED03271DC491B900BCEC4A /* Base */ = {isa = PBXFileReference; lastKnownFileType = file.storyboard; name = Base; path = Base.lproj/Main.storyboard; sourceTree = "<group>"; };
		33ED03291DC491B900BCEC4A /* Assets.xcassets */ = {isa = PBXFileReference; lastKnownFileType = folder.assetcatalog; path = Assets.xcassets; sourceTree = "<group>"; };
		33ED032C1DC491B900BCEC4A /* Base */ = {isa = PBXFileReference; lastKnownFileType = file.storyboard; name = Base; path = Base.lproj/LaunchScreen.storyboard; sourceTree = "<group>"; };
		33ED032E1DC491B900BCEC4A /* Info.plist */ = {isa = PBXFileReference; lastKnownFileType = text.plist.xml; path = Info.plist; sourceTree = "<group>"; };
		33ED03331DC491B900BCEC4A /* HelloWorldTests.xctest */ = {isa = PBXFileReference; explicitFileType = wrapper.cfbundle; includeInIndex = 0; path = HelloWorldTests.xctest; sourceTree = BUILT_PRODUCTS_DIR; };
		33ED03371DC491B900BCEC4A /* HelloWorldTests.swift */ = {isa = PBXFileReference; lastKnownFileType = sourcecode.swift; path = HelloWorldTests.swift; sourceTree = "<group>"; };
		33ED03391DC491B900BCEC4A /* Info.plist */ = {isa = PBXFileReference; lastKnownFileType = text.plist.xml; path = Info.plist; sourceTree = "<group>"; };
		33ED033E1DC491B900BCEC4A /* HelloWorldUITests.xctest */ = {isa = PBXFileReference; explicitFileType = wrapper.cfbundle; includeInIndex = 0; path = HelloWorldUITests.xctest; sourceTree = BUILT_PRODUCTS_DIR; };
		33ED03421DC491B900BCEC4A /* HelloWorldUITests.swift */ = {isa = PBXFileReference; lastKnownFileType = sourcecode.swift; path = HelloWorldUITests.swift; sourceTree = "<group>"; };
		33ED03441DC491B900BCEC4A /* Info.plist */ = {isa = PBXFileReference; lastKnownFileType = text.plist.xml; path = Info.plist; sourceTree = "<group>"; };
/* End PBXFileReference section */

/* Begin PBXFrameworksBuildPhase section */
		33ED031C1DC491B900BCEC4A /* Frameworks */ = {
			isa = PBXFrameworksBuildPhase;
			buildActionMask = 2147483647;
			files = (
			);
			runOnlyForDeploymentPostprocessing = 0;
		};
		33ED03301DC491B900BCEC4A /* Frameworks */ = {
			isa = PBXFrameworksBuildPhase;
			buildActionMask = 2147483647;
			files = (
			);
			runOnlyForDeploymentPostprocessing = 0;
		};
		33ED033B1DC491B900BCEC4A /* Frameworks */ = {
			isa = PBXFrameworksBuildPhase;
			buildActionMask = 2147483647;
			files = (
			);
			runOnlyForDeploymentPostprocessing = 0;
		};
/* End PBXFrameworksBuildPhase section */

/* Begin PBXGroup section */
		33ED03161DC491B900BCEC4A = {
			isa = PBXGroup;
			children = (
				33ED03211DC491B900BCEC4A /* HelloWorld */,
				33ED03361DC491B900BCEC4A /* HelloWorldTests */,
				33ED03411DC491B900BCEC4A /* HelloWorldUITests */,
				33ED03201DC491B900BCEC4A /* Products */,
			);
			sourceTree = "<group>";
		};
		33ED03201DC491B900BCEC4A /* Products */ = {
			isa = PBXGroup;
			children = (
				33ED031F1DC491B900BCEC4A /* HelloWorld.app */,
				33ED03331DC491B900BCEC4A /* HelloWorldTests.xctest */,
				33ED033E1DC491B900BCEC4A /* HelloWorldUITests.xctest */,
			);
			name = Products;
			sourceTree = "<group>";
		};
		33ED03211DC491B900BCEC4A /* HelloWorld */ = {
			isa = PBXGroup;
			children = (
				33ED03221DC491B900BCEC4A /* AppDelegate.swift */,
				33ED03241DC491B900BCEC4A /* ViewController.swift */,
				33ED03261DC491B900BCEC4A /* Main.storyboard */,
				33ED03291DC491B900BCEC4A /* Assets.xcassets */,
				33ED032B1DC491B900BCEC4A /* LaunchScreen.storyboard */,
				33ED032E1DC491B900BCEC4A /* Info.plist */,
			);
			path = HelloWorld;
			sourceTree = "<group>";
		};
		33ED03361DC491B900BCEC4A /* HelloWorldTests */ = {
			isa = PBXGroup;
			children = (
				33ED03371DC491B900BCEC4A /* HelloWorldTests.swift */,
				33ED03391DC491B900BCEC4A /* Info.plist */,
			);
			path = HelloWorldTests;
			sourceTree = "<group>";
		};
		33ED03411DC491B900BCEC4A /* HelloWorldUITests */ = {
			isa = PBXGroup;
			children = (
				33ED03421DC491B900BCEC4A /* HelloWorldUITests.swift */,
				33ED03441DC491B900BCEC4A /* Info.plist */,
			);
			path = HelloWorldUITests;
			sourceTree = "<group>";
		};
/* End PBXGroup section */

/* Begin PBXNativeTarget section */
		33ED031E1DC491B900BCEC4A /* HelloWorld */ = {
			isa = PBXNativeTarget;
			buildConfigurationList = 33ED03471DC491B900BCEC4A /* Build configuration list for PBXNativeTarget "HelloWorld" */;
			buildPhases = (
				33ED031B1DC491B900BCEC4A /* Sources */,
				33ED031C1DC491B900BCEC4A /* Frameworks */,
				33ED031D1DC491B900BCEC4A /* Resources */,
			);
			buildRules = (
			);
			dependencies = (
			);
			name = HelloWorld;
			productName = HelloWorld;
			productReference = 33ED031F1DC491B900BCEC4A /* HelloWorld.app */;
			productType = "com.apple.product-type.application";
		};
		33ED03321DC491B900BCEC4A /* HelloWorldTests */ = {
			isa = PBXNativeTarget;
			buildConfigurationList = 33ED034A1DC491B900BCEC4A /* Build configuration list for PBXNativeTarget "HelloWorldTests" */;
			buildPhases = (
				33ED032F1DC491B900BCEC4A /* Sources */,
				33ED03301DC491B900BCEC4A /* Frameworks */,
				33ED03311DC491B900BCEC4A /* Resources */,
			);
			buildRules = (
			);
			dependencies = (
				33ED03351DC491B900BCEC4A /* PBXTargetDependency */,
			);
			name = HelloWorldTests;
			productName = HelloWorldTests;
			productReference = 33ED03331DC491B900BCEC4A /* HelloWorldTests.xctest */;
			productType = "com.apple.product-type.bundle.unit-test";
		};
		33ED033D1DC491B900BCEC4A /* HelloWorldUITests */ = {
			isa = PBXNativeTarget;
			buildConfigurationList = 33ED034D1DC491B900BCEC4A /* Build configuration list for PBXNativeTarget "HelloWorldUITests" */;
			buildPhases = (
				33ED033A1DC491B900BCEC4A /* Sources */,
				33ED033B1DC491B900BCEC4A /* Frameworks */,
				33ED033C1DC491B900BCEC4A /* Resources */,
			);
			buildRules = (
			);
			dependencies = (
				33ED03401DC491B900BCEC4A /* PBXTargetDependency */,
			);
			name = HelloWorldUITests;
			productName = HelloWorldUITests;
			productReference = 33ED033E1DC491B900BCEC4A /* HelloWorldUITests.xctest */;
			productType = "com.apple.product-type.bundle.ui-testing";
		};
/* End PBXNativeTarget section */

/* Begin PBXProject section */
		33ED03171DC491B900BCEC4A /* Project object */ = {
			isa = PBXProject;
			attributes = {
				LastSwiftUpdateCheck = 0800;
				LastUpgradeCheck = 0800;
				ORGANIZATIONNAME = shunji_li;
				TargetAttributes = {
					33ED031E1DC491B900BCEC4A = {
						CreatedOnToolsVersion = 8.0;
						ProvisioningStyle = Automatic;
					};
					33ED03321DC491B900BCEC4A = {
						CreatedOnToolsVersion = 8.0;
						ProvisioningStyle = Automatic;
						TestTargetID = 33ED031E1DC491B900BCEC4A;
					};
					33ED033D1DC491B900BCEC4A = {
						CreatedOnToolsVersion = 8.0;
						ProvisioningStyle = Automatic;
						TestTargetID = 33ED031E1DC491B900BCEC4A;
					};
				};
			};
			buildConfigurationList = 33ED031A1DC491B900BCEC4A /* Build configuration list for PBXProject "HelloWorld" */;
			compatibilityVersion = "Xcode 3.2";
			developmentRegion = English;
			hasScannedForEncodings = 0;
			knownRegions = (
				en,
				Base,
			);
			mainGroup = 33ED03161DC491B900BCEC4A;
			productRefGroup = 33ED03201DC491B900BCEC4A /* Products */;
			projectDirPath = "";
			projectRoot = "";
			targets = (
				33ED031E1DC491B900BCEC4A /* HelloWorld */,
				33ED03321DC491B900BCEC4A /* HelloWorldTests */,
				33ED033D1DC491B900BCEC4A /* HelloWorldUITests */,
			);
		};
/* End PBXProject section */

/* Begin PBXResourcesBuildPhase section */
		33ED031D1DC491B900BCEC4A /* Resources */ = {
			isa = PBXResourcesBuildPhase;
			buildActionMask = 2147483647;
			files = (
				33ED032D1DC491B900BCEC4A /* LaunchScreen.storyboard in Resources */,
				33ED032A1DC491B900BCEC4A /* Assets.xcassets in Resources */,
				33ED03281DC491B900BCEC4A /* Main.storyboard in Resources */,
			);
			runOnlyForDeploymentPostprocessing = 0;
		};
		33ED03311DC491B900BCEC4A /* Resources */ = {
			isa = PBXResourcesBuildPhase;
			buildActionMask = 2147483647;
			files = (
			);
			runOnlyForDeploymentPostprocessing = 0;
		};
		33ED033C1DC491B900BCEC4A /* Resources */ = {
			isa = PBXResourcesBuildPhase;
			buildActionMask = 2147483647;
			files = (
			);
			runOnlyForDeploymentPostprocessing = 0;
		};
/* End PBXResourcesBuildPhase section */

/* Begin PBXSourcesBuildPhase section */
		33ED031B1DC491B900BCEC4A /* Sources */ = {
			isa = PBXSourcesBuildPhase;
			buildActionMask = 2147483647;
			files = (
				33ED03251DC491B900BCEC4A /* ViewController.swift in Sources */,
				33ED03231DC491B900BCEC4A /* AppDelegate.swift in Sources */,
			);
			runOnlyForDeploymentPostprocessing = 0;
		};
		33ED032F1DC491B900BCEC4A /* Sources */ = {
			isa = PBXSourcesBuildPhase;
			buildActionMask = 2147483647;
			files = (
				33ED03381DC491B900BCEC4A /* HelloWorldTests.swift in Sources */,
			);
			runOnlyForDeploymentPostprocessing = 0;
		};
		33ED033A1DC491B900BCEC4A /* Sources */ = {
			isa = PBXSourcesBuildPhase;
			buildActionMask = 2147483647;
			files = (
				33ED03431DC491B900BCEC4A /* HelloWorldUITests.swift in Sources */,
			);
			runOnlyForDeploymentPostprocessing = 0;
		};
/* End PBXSourcesBuildPhase section */

/* Begin PBXTargetDependency section */
		33ED03351DC491B900BCEC4A /* PBXTargetDependency */ = {
			isa = PBXTargetDependency;
			target = 33ED031E1DC491B900BCEC4A /* HelloWorld */;
			targetProxy = 33ED03341DC491B900BCEC4A /* PBXContainerItemProxy */;
		};
		33ED03401DC491B900BCEC4A /* PBXTargetDependency */ = {
			isa = PBXTargetDependency;
			target = 33ED031E1DC491B900BCEC4A /* HelloWorld */;
			targetProxy = 33ED033F1DC491B900BCEC4A /* PBXContainerItemProxy */;
		};
/* End PBXTargetDependency section */

/* Begin PBXVariantGroup section */
		33ED03261DC491B900BCEC4A /* Main.storyboard */ = {
			isa = PBXVariantGroup;
			children = (
				33ED03271DC491B900BCEC4A /* Base */,
			);
			name = Main.storyboard;
			sourceTree = "<group>";
		};
		33ED032B1DC491B900BCEC4A /* LaunchScreen.storyboard */ = {
			isa = PBXVariantGroup;
			children = (
				33ED032C1DC491B900BCEC4A /* Base */,
			);
			name = LaunchScreen.storyboard;
			sourceTree = "<group>";
		};
/* End PBXVariantGroup section */

/* Begin XCBuildConfiguration section */
		33ED03451DC491B900BCEC4A /* Debug */ = {
			isa = XCBuildConfiguration;
			buildSettings = {
				ALWAYS_SEARCH_USER_PATHS = NO;
				CLANG_ANALYZER_NONNULL = YES;
				CLANG_CXX_LANGUAGE_STANDARD = "gnu++0x";
				CLANG_CXX_LIBRARY = "libc++";
				CLANG_ENABLE_MODULES = YES;
				CLANG_ENABLE_OBJC_ARC = YES;
				CLANG_WARN_BOOL_CONVERSION = YES;
				CLANG_WARN_CONSTANT_CONVERSION = YES;
				CLANG_WARN_DIRECT_OBJC_ISA_USAGE = YES_ERROR;
				CLANG_WARN_DOCUMENTATION_COMMENTS = YES;
				CLANG_WARN_EMPTY_BODY = YES;
				CLANG_WARN_ENUM_CONVERSION = YES;
				CLANG_WARN_INFINITE_RECURSION = YES;
				CLANG_WARN_INT_CONVERSION = YES;
				CLANG_WARN_OBJC_ROOT_CLASS = YES_ERROR;
				CLANG_WARN_SUSPICIOUS_MOVES = YES;
				CLANG_WARN_UNREACHABLE_CODE = YES;
				CLANG_WARN__DUPLICATE_METHOD_MATCH = YES;
				"CODE_SIGN_IDENTITY[sdk=iphoneos*]" = "iPhone Developer";
				COPY_PHASE_STRIP = NO;
				DEBUG_INFORMATION_FORMAT = dwarf;
				ENABLE_STRICT_OBJC_MSGSEND = YES;
				ENABLE_TESTABILITY = YES;
				GCC_C_LANGUAGE_STANDARD = gnu99;
				GCC_DYNAMIC_NO_PIC = NO;
				GCC_NO_COMMON_BLOCKS = YES;
				GCC_OPTIMIZATION_LEVEL = 0;
				GCC_PREPROCESSOR_DEFINITIONS = (
					"DEBUG=1",
					"$(inherited)",
				);
				GCC_WARN_64_TO_32_BIT_CONVERSION = YES;
				GCC_WARN_ABOUT_RETURN_TYPE = YES_ERROR;
				GCC_WARN_UNDECLARED_SELECTOR = YES;
				GCC_WARN_UNINITIALIZED_AUTOS = YES_AGGRESSIVE;
				GCC_WARN_UNUSED_FUNCTION = YES;
				GCC_WARN_UNUSED_VARIABLE = YES;
				IPHONEOS_DEPLOYMENT_TARGET = 10.0;
				MTL_ENABLE_DEBUG_INFO = YES;
				ONLY_ACTIVE_ARCH = YES;
				SDKROOT = iphoneos;
				SWIFT_ACTIVE_COMPILATION_CONDITIONS = DEBUG;
				SWIFT_OPTIMIZATION_LEVEL = "-Onone";
				TARGETED_DEVICE_FAMILY = "1,2";
			};
			name = Debug;
		};
		33ED03461DC491B900BCEC4A /* Release */ = {
			isa = XCBuildConfiguration;
			buildSettings = {
				ALWAYS_SEARCH_USER_PATHS = NO;
				CLANG_ANALYZER_NONNULL = YES;
				CLANG_CXX_LANGUAGE_STANDARD = "gnu++0x";
				CLANG_CXX_LIBRARY = "libc++";
				CLANG_ENABLE_MODULES = YES;
				CLANG_ENABLE_OBJC_ARC = YES;
				CLANG_WARN_BOOL_CONVERSION = YES;
				CLANG_WARN_CONSTANT_CONVERSION = YES;
				CLANG_WARN_DIRECT_OBJC_ISA_USAGE = YES_ERROR;
				CLANG_WARN_DOCUMENTATION_COMMENTS = YES;
				CLANG_WARN_EMPTY_BODY = YES;
				CLANG_WARN_ENUM_CONVERSION = YES;
				CLANG_WARN_INFINITE_RECURSION = YES;
				CLANG_WARN_INT_CONVERSION = YES;
				CLANG_WARN_OBJC_ROOT_CLASS = YES_ERROR;
				CLANG_WARN_SUSPICIOUS_MOVES = YES;
				CLANG_WARN_UNREACHABLE_CODE = YES;
				CLANG_WARN__DUPLICATE_METHOD_MATCH = YES;
				"CODE_SIGN_IDENTITY[sdk=iphoneos*]" = "iPhone Developer";
				COPY_PHASE_STRIP = NO;
				DEBUG_INFORMATION_FORMAT = "dwarf-with-dsym";
				ENABLE_NS_ASSERTIONS = NO;
				ENABLE_STRICT_OBJC_MSGSEND = YES;
				GCC_C_LANGUAGE_STANDARD = gnu99;
				GCC_NO_COMMON_BLOCKS = YES;
				GCC_WARN_64_TO_32_BIT_CONVERSION = YES;
				GCC_WARN_ABOUT_RETURN_TYPE = YES_ERROR;
				GCC_WARN_UNDECLARED_SELECTOR = YES;
				GCC_WARN_UNINITIALIZED_AUTOS = YES_AGGRESSIVE;
				GCC_WARN_UNUSED_FUNCTION = YES;
				GCC_WARN_UNUSED_VARIABLE = YES;
				IPHONEOS_DEPLOYMENT_TARGET = 10.0;
				MTL_ENABLE_DEBUG_INFO = NO;
				SDKROOT = iphoneos;
				SWIFT_OPTIMIZATION_LEVEL = "-Owholemodule";
				TARGETED_DEVICE_FAMILY = "1,2";
				VALIDATE_PRODUCT = YES;
			};
			name = Release;
		};
		33ED03481DC491B900BCEC4A /* Debug */ = {
			isa = XCBuildConfiguration;
			buildSettings = {
				ASSETCATALOG_COMPILER_APPICON_NAME = AppIcon;
				INFOPLIST_FILE = HelloWorld/Info.plist;
				LD_RUNPATH_SEARCH_PATHS = "$(inherited) @executable_path/Frameworks";
				PRODUCT_BUNDLE_IDENTIFIER = com.airbnb.HelloWorld;
				PRODUCT_NAME = "$(TARGET_NAME)";
				SWIFT_VERSION = 3.0;
			};
			name = Debug;
		};
		33ED03491DC491B900BCEC4A /* Release */ = {
			isa = XCBuildConfiguration;
			buildSettings = {
				ASSETCATALOG_COMPILER_APPICON_NAME = AppIcon;
				INFOPLIST_FILE = HelloWorld/Info.plist;
				LD_RUNPATH_SEARCH_PATHS = "$(inherited) @executable_path/Frameworks";
				PRODUCT_BUNDLE_IDENTIFIER = com.airbnb.HelloWorld;
				PRODUCT_NAME = "$(TARGET_NAME)";
				SWIFT_VERSION = 3.0;
			};
			name = Release;
		};
		33ED034B1DC491B900BCEC4A /* Debug */ = {
			isa = XCBuildConfiguration;
			buildSettings = {
				ALWAYS_EMBED_SWIFT_STANDARD_LIBRARIES = YES;
				BUNDLE_LOADER = "$(TEST_HOST)";
				INFOPLIST_FILE = HelloWorldTests/Info.plist;
				LD_RUNPATH_SEARCH_PATHS = "$(inherited) @executable_path/Frameworks @loader_path/Frameworks";
				PRODUCT_BUNDLE_IDENTIFIER = com.airbnb.HelloWorldTests;
				PRODUCT_NAME = "$(TARGET_NAME)";
				SWIFT_VERSION = 3.0;
				TEST_HOST = "$(BUILT_PRODUCTS_DIR)/HelloWorld.app/HelloWorld";
			};
			name = Debug;
		};
		33ED034C1DC491B900BCEC4A /* Release */ = {
			isa = XCBuildConfiguration;
			buildSettings = {
				ALWAYS_EMBED_SWIFT_STANDARD_LIBRARIES = YES;
				BUNDLE_LOADER = "$(TEST_HOST)";
				INFOPLIST_FILE = HelloWorldTests/Info.plist;
				LD_RUNPATH_SEARCH_PATHS = "$(inherited) @executable_path/Frameworks @loader_path/Frameworks";
				PRODUCT_BUNDLE_IDENTIFIER = com.airbnb.HelloWorldTests;
				PRODUCT_NAME = "$(TARGET_NAME)";
				SWIFT_VERSION = 3.0;
				TEST_HOST = "$(BUILT_PRODUCTS_DIR)/HelloWorld.app/HelloWorld";
			};
			name = Release;
		};
		33ED034E1DC491B900BCEC4A /* Debug */ = {
			isa = XCBuildConfiguration;
			buildSettings = {
				ALWAYS_EMBED_SWIFT_STANDARD_LIBRARIES = YES;
				INFOPLIST_FILE = HelloWorldUITests/Info.plist;
				LD_RUNPATH_SEARCH_PATHS = "$(inherited) @executable_path/Frameworks @loader_path/Frameworks";
				PRODUCT_BUNDLE_IDENTIFIER = com.airbnb.HelloWorldUITests;
				PRODUCT_NAME = "$(TARGET_NAME)";
				SWIFT_VERSION = 3.0;
				TEST_TARGET_NAME = HelloWorld;
			};
			name = Debug;
		};
		33ED034F1DC491B900BCEC4A /* Release */ = {
			isa = XCBuildConfiguration;
			buildSettings = {
				ALWAYS_EMBED_SWIFT_STANDARD_LIBRARIES = YES;
				INFOPLIST_FILE = HelloWorldUITests/Info.plist;
				LD_RUNPATH_SEARCH_PATHS = "$(inherited) @executable_path/Frameworks @loader_path/Frameworks";
				PRODUCT_BUNDLE_IDENTIFIER = com.airbnb.HelloWorldUITests;
				PRODUCT_NAME = "$(TARGET_NAME)";
				SWIFT_VERSION = 3.0;
				TEST_TARGET_NAME = HelloWorld;
			};
			name = Release;
		};
/* End XCBuildConfiguration section */

/* Begin XCConfigurationList section */
		33ED031A1DC491B900BCEC4A /* Build configuration list for PBXProject "HelloWorld" */ = {
			isa = XCConfigurationList;
			buildConfigurations = (
				33ED03451DC491B900BCEC4A /* Debug */,
				33ED03461DC491B900BCEC4A /* Release */,
			);
			defaultConfigurationIsVisible = 0;
			defaultConfigurationName = Release;
		};
		33ED03471DC491B900BCEC4A /* Build configuration list for PBXNativeTarget "HelloWorld" */ = {
			isa = XCConfigurationList;
			buildConfigurations = (
				33ED03481DC491B900BCEC4A /* Debug */,
				33ED03491DC491B900BCEC4A /* Release */,
			);
			defaultConfigurationIsVisible = 0;
		};
		33ED034A1DC491B900BCEC4A /* Build configuration list for PBXNativeTarget "HelloWorldTests" */ = {
			isa = XCConfigurationList;
			buildConfigurations = (
				33ED034B1DC491B900BCEC4A /* Debug */,
				33ED034C1DC491B900BCEC4A /* Release */,
			);
			defaultConfigurationIsVisible = 0;
		};
		33ED034D1DC491B900BCEC4A /* Build configuration list for PBXNativeTarget "HelloWorldUITests" */ = {
			isa = XCConfigurationList;
			buildConfigurations = (
				33ED034E1DC491B900BCEC4A /* Debug */,
				33ED034F1DC491B900BCEC4A /* Release */,
			);
			defaultConfigurationIsVisible = 0;
		};
/* End XCConfigurationList section */
	};
	rootObject = 33ED03171DC491B900BCEC4A /* Project object */;
}
